
Microsoft Visual Studio Solution File, Format Version 12.00
# Visual Studio Version 16
VisualStudioVersion = 16.0.31829.152
MinimumVisualStudioVersion = 10.0.40219.1
Project("{9A19103F-16F7-4668-BE54-9A1E7A4F7556}") = "Beis.Htg.VendorSme.Database", "Beis.Htg.VendorSme.Database\Beis.Htg.VendorSme.Database.csproj", "{F6CD4922-3A9B-48DE-A829-DD86201B2EFE}"
EndProject
Global
	GlobalSection(SolutionConfigurationPlatforms) = preSolution
		Debug|Any CPU = Debug|Any CPU
		Release|Any CPU = Release|Any CPU
	EndGlobalSection
	GlobalSection(ProjectConfigurationPlatforms) = postSolution
		{F6CD4922-3A9B-48DE-A829-DD86201B2EFE}.Debug|Any CPU.ActiveCfg = Debug|Any CPU
		{F6CD4922-3A9B-48DE-A829-DD86201B2EFE}.Debug|Any CPU.Build.0 = Debug|Any CPU
		{F6CD4922-3A9B-48DE-A829-DD86201B2EFE}.Release|Any CPU.ActiveCfg = Release|Any CPU
		{F6CD4922-3A9B-48DE-A829-DD86201B2EFE}.Release|Any CPU.Build.0 = Release|Any CPU
	EndGlobalSection
	GlobalSection(SolutionProperties) = preSolution
		HideSolutionNode = FALSE
	EndGlobalSection
	GlobalSection(ExtensibilityGlobals) = postSolution
		SolutionGuid = {F66B9B26-EF44-4482-B4C7-59BC12448829}
	EndGlobalSection
EndGlobal
